
Microsoft Visual Studio Solution File, Format Version 12.00
# Visual Studio Version 18
VisualStudioVersion = 18.3.11512.155 d18.3
MinimumVisualStudioVersion = 10.0.40219.1
Project("{FAE04EC0-301F-11D3-BF4B-00C04F79EFBC}") = "CloudGalleryApi", "CloudGalleryApi.csproj", "{59D82A20-7208-C8B6-A016-11A0DFEA3FD7}"
EndProject
Global
	GlobalSection(SolutionConfigurationPlatforms) = preSolution
		Debug|Any CPU = Debug|Any CPU
		Release|Any CPU = Release|Any CPU
	EndGlobalSection
	GlobalSection(ProjectConfigurationPlatforms) = postSolution
		{59D82A20-7208-C8B6-A016-11A0DFEA3FD7}.Debug|Any CPU.ActiveCfg = Debug|Any CPU
		{59D82A20-7208-C8B6-A016-11A0DFEA3FD7}.Debug|Any CPU.Build.0 = Debug|Any CPU
		{59D82A20-7208-C8B6-A016-11A0DFEA3FD7}.Release|Any CPU.ActiveCfg = Release|Any CPU
		{59D82A20-7208-C8B6-A016-11A0DFEA3FD7}.Release|Any CPU.Build.0 = Release|Any CPU
	EndGlobalSection
	GlobalSection(SolutionProperties) = preSolution
		HideSolutionNode = FALSE
	EndGlobalSection
	GlobalSection(ExtensibilityGlobals) = postSolution
		SolutionGuid = {54D3C893-651A-492C-8CEC-B7F37E1E1B42}
	EndGlobalSection
EndGlobal
